
Microsoft Visual Studio Solution File, Format Version 12.00
# Visual Studio Version 16
VisualStudioVersion = 16.0.29728.190
MinimumVisualStudioVersion = 10.0.40219.1
Project("{FAE04EC0-301F-11D3-BF4B-00C04F79EFBC}") = "Properties", "Properties\Properties.csproj", "{9C1A6FC6-65A2-4BC3-8622-38905766D813}"
EndProject
Global
	GlobalSection(SolutionConfigurationPlatforms) = preSolution
		Debug|Any CPU = Debug|Any CPU
		Release|Any CPU = Release|Any CPU
	EndGlobalSection
	GlobalSection(ProjectConfigurationPlatforms) = postSolution
		{9C1A6FC6-65A2-4BC3-8622-38905766D813}.Debug|Any CPU.ActiveCfg = Debug|Any CPU
		{9C1A6FC6-65A2-4BC3-8622-38905766D813}.Debug|Any CPU.Build.0 = Debug|Any CPU
		{9C1A6FC6-65A2-4BC3-8622-38905766D813}.Release|Any CPU.ActiveCfg = Release|Any CPU
		{9C1A6FC6-65A2-4BC3-8622-38905766D813}.Release|Any CPU.Build.0 = Release|Any CPU
	EndGlobalSection
	GlobalSection(SolutionProperties) = preSolution
		HideSolutionNode = FALSE
	EndGlobalSection
	GlobalSection(ExtensibilityGlobals) = postSolution
		SolutionGuid = {A37F0961-115E-44A3-87C5-EE5782EB4DF7}
	EndGlobalSection
EndGlobal
